
Microsoft Visual Studio Solution File, Format Version 12.00
# Visual Studio Version 16
VisualStudioVersion = 16.0.28729.10
MinimumVisualStudioVersion = 10.0.40219.1
Project("{9A19103F-16F7-4668-BE54-9A1E7A4F7556}") = "GG.Dion.Domain", "src\GG.Dion.Domain\GG.Dion.Domain.csproj", "{06F59E99-97B9-4CEA-A142-FC8F6B32081F}"
EndProject
Project("{9A19103F-16F7-4668-BE54-9A1E7A4F7556}") = "GG.Dion.Infra.Data", "src\GG.Dion.Infra.Data\GG.Dion.Infra.Data.csproj", "{FA9DDE25-102D-401D-9631-639D85A4A73A}"
EndProject
Project("{9A19103F-16F7-4668-BE54-9A1E7A4F7556}") = "GG.Dion.Presentation.WebApi", "src\GG.Dion.Presentation.WebApi\GG.Dion.Presentation.WebApi.csproj", "{C1B648EB-2380-4387-8F72-621C338E6E31}"
EndProject
Project("{9A19103F-16F7-4668-BE54-9A1E7A4F7556}") = "GG.Dion.Infra.IoC", "src\GG.Dion.Infra.IoC\GG.Dion.Infra.IoC.csproj", "{B57D6411-45C7-4D89-A961-E43320F9DDE4}"
EndProject
Project("{9A19103F-16F7-4668-BE54-9A1E7A4F7556}") = "GG.Dion.Application", "src\GG.Dion.Application\GG.Dion.Application.csproj", "{DD70E092-F529-4454-8771-A37D789C5928}"
EndProject
Project("{FAE04EC0-301F-11D3-BF4B-00C04F79EFBC}") = "GG.Dion.Domain.Test", "src\GG.Dion.Domain.Test\GG.Dion.Domain.Test.csproj", "{8E033161-0B2A-49D3-9D90-36F24E6AC95C}"
EndProject
Global
	GlobalSection(SolutionConfigurationPlatforms) = preSolution
		Debug|Any CPU = Debug|Any CPU
		Release|Any CPU = Release|Any CPU
	EndGlobalSection
	GlobalSection(ProjectConfigurationPlatforms) = postSolution
		{06F59E99-97B9-4CEA-A142-FC8F6B32081F}.Debug|Any CPU.ActiveCfg = Debug|Any CPU
		{06F59E99-97B9-4CEA-A142-FC8F6B32081F}.Debug|Any CPU.Build.0 = Debug|Any CPU
		{06F59E99-97B9-4CEA-A142-FC8F6B32081F}.Release|Any CPU.ActiveCfg = Release|Any CPU
		{06F59E99-97B9-4CEA-A142-FC8F6B32081F}.Release|Any CPU.Build.0 = Release|Any CPU
		{FA9DDE25-102D-401D-9631-639D85A4A73A}.Debug|Any CPU.ActiveCfg = Debug|Any CPU
		{FA9DDE25-102D-401D-9631-639D85A4A73A}.Debug|Any CPU.Build.0 = Debug|Any CPU
		{FA9DDE25-102D-401D-9631-639D85A4A73A}.Release|Any CPU.ActiveCfg = Release|Any CPU
		{FA9DDE25-102D-401D-9631-639D85A4A73A}.Release|Any CPU.Build.0 = Release|Any CPU
		{C1B648EB-2380-4387-8F72-621C338E6E31}.Debug|Any CPU.ActiveCfg = Debug|Any CPU
		{C1B648EB-2380-4387-8F72-621C338E6E31}.Debug|Any CPU.Build.0 = Debug|Any CPU
		{C1B648EB-2380-4387-8F72-621C338E6E31}.Release|Any CPU.ActiveCfg = Release|Any CPU
		{C1B648EB-2380-4387-8F72-621C338E6E31}.Release|Any CPU.Build.0 = Release|Any CPU
		{B57D6411-45C7-4D89-A961-E43320F9DDE4}.Debug|Any CPU.ActiveCfg = Debug|Any CPU
		{B57D6411-45C7-4D89-A961-E43320F9DDE4}.Debug|Any CPU.Build.0 = Debug|Any CPU
		{B57D6411-45C7-4D89-A961-E43320F9DDE4}.Release|Any CPU.ActiveCfg = Release|Any CPU
		{B57D6411-45C7-4D89-A961-E43320F9DDE4}.Release|Any CPU.Build.0 = Release|Any CPU
		{DD70E092-F529-4454-8771-A37D789C5928}.Debug|Any CPU.ActiveCfg = Debug|Any CPU
		{DD70E092-F529-4454-8771-A37D789C5928}.Debug|Any CPU.Build.0 = Debug|Any CPU
		{DD70E092-F529-4454-8771-A37D789C5928}.Release|Any CPU.ActiveCfg = Release|Any CPU
		{DD70E092-F529-4454-8771-A37D789C5928}.Release|Any CPU.Build.0 = Release|Any CPU
		{8E033161-0B2A-49D3-9D90-36F24E6AC95C}.Debug|Any CPU.ActiveCfg = Debug|Any CPU
		{8E033161-0B2A-49D3-9D90-36F24E6AC95C}.Debug|Any CPU.Build.0 = Debug|Any CPU
		{8E033161-0B2A-49D3-9D90-36F24E6AC95C}.Release|Any CPU.ActiveCfg = Release|Any CPU
		{8E033161-0B2A-49D3-9D90-36F24E6AC95C}.Release|Any CPU.Build.0 = Release|Any CPU
	EndGlobalSection
	GlobalSection(SolutionProperties) = preSolution
		HideSolutionNode = FALSE
	EndGlobalSection
	GlobalSection(ExtensibilityGlobals) = postSolution
		SolutionGuid = {922C1CFA-73A8-41A6-A35C-59FDFFA8B7CD}
	EndGlobalSection
EndGlobal
